<Solution>
  <Folder Name="/plugins/">
    <Project Path="plugins/UsageTracker.Adapters.ReferenceCursor/UsageTracker.Adapters.ReferenceCursor.csproj" />
  </Folder>
  <Folder Name="/src/">
    <Project Path="src/UsageTracker.Contracts/UsageTracker.Contracts.csproj" />
    <Project Path="src/UsageTracker.Cost/UsageTracker.Cost.csproj" />
    <Project Path="src/UsageTracker.Ingestion.Api/UsageTracker.Ingestion.Api.csproj" />
    <Project Path="src/UsageTracker.Ingestion.Otlp/UsageTracker.Ingestion.Otlp.csproj" />
    <Project Path="src/UsageTracker.Normalization/UsageTracker.Normalization.csproj" />
    <Project Path="src/UsageTracker.Plugins/UsageTracker.Plugins.csproj" />
    <Project Path="src/UsageTracker.Storage.InMemory/UsageTracker.Storage.InMemory.csproj" />
    <Project Path="src/UsageTracker.Storage.Sqlite/UsageTracker.Storage.Sqlite.csproj" />
  </Folder>
  <Folder Name="/tests/">
    <Project Path="tests/UsageTracker.Tests/UsageTracker.Tests.csproj" />
  </Folder>
</Solution>
